dependencies:
- name: postgresql-ha
  repository: https://charts.bitnami.com/bitnami
  version: 16.3.2
- name: cassandra
  repository: https://charts.bitnami.com/bitnami
  version: 12.3.11
- name: kafka
  repository: https://charts.bitnami.com/bitnami
  version: 32.4.3
- name: redis
  repository: https://charts.bitnami.com/bitnami
  version: 27.0.0
digest: sha256:bb4b94dff7dc384bbad5b644caa6fccf31ab7480f5eeaf9db8e96bae0b81b257
generated: "2026-06-04T03:06:13.316880139Z"
