dependencies:
- name: postgresql-ha
  repository: https://charts.bitnami.com/bitnami
  version: 16.3.2
- name: cassandra
  repository: https://charts.bitnami.com/bitnami
  version: 12.3.11
- name: kafka
  repository: https://charts.bitnami.com/bitnami
  version: 32.4.3
- name: redis
  repository: https://charts.bitnami.com/bitnami
  version: 25.3.12
digest: sha256:4032c62c3e3c10c6abc4540b502b403cc3f6d6b2014b1d03d466f7c7115fc244
generated: "2026-04-22T03:03:06.118932515Z"
