dependencies:
- name: postgresql-ha
  repository: https://charts.bitnami.com/bitnami
  version: 16.3.2
- name: cassandra
  repository: https://charts.bitnami.com/bitnami
  version: 12.3.11
- name: kafka
  repository: https://charts.bitnami.com/bitnami
  version: 32.4.3
- name: redis
  repository: https://charts.bitnami.com/bitnami
  version: 27.0.14
digest: sha256:5468f592389de4831575a48f30ba12648aaed323e6119a6073a9f1d8dbb72f4e
generated: "2026-07-10T03:03:24.165158725Z"
